
Microsoft Visual Studio Solution File, Format Version 12.00
# Visual Studio 2012
Project("{FAE04EC0-301F-11D3-BF4B-00C04F79EFBC}") = "RawSocketAPI", "RawSocketAPI.csproj", "{F037DADF-D11D-4D24-8FFB-3F9EEBB8E526}"
EndProject
Global
	GlobalSection(SolutionConfigurationPlatforms) = preSolution
		Debug|Any CPU = Debug|Any CPU
		Release|Any CPU = Release|Any CPU
	EndGlobalSection
	GlobalSection(ProjectConfigurationPlatforms) = postSolution
		{F037DADF-D11D-4D24-8FFB-3F9EEBB8E526}.Debug|Any CPU.ActiveCfg = Debug|Any CPU
		{F037DADF-D11D-4D24-8FFB-3F9EEBB8E526}.Debug|Any CPU.Build.0 = Debug|Any CPU
		{F037DADF-D11D-4D24-8FFB-3F9EEBB8E526}.Release|Any CPU.ActiveCfg = Release|Any CPU
		{F037DADF-D11D-4D24-8FFB-3F9EEBB8E526}.Release|Any CPU.Build.0 = Release|Any CPU
	EndGlobalSection
	GlobalSection(SolutionProperties) = preSolution
		HideSolutionNode = FALSE
	EndGlobalSection
EndGlobal
